
Microsoft Visual Studio Solution File, Format Version 12.00
# Visual Studio Version 17
VisualStudioVersion = 17.8.34330.188
MinimumVisualStudioVersion = 10.0.40219.1
Project("{9A19103F-16F7-4668-BE54-9A1E7A4F7556}") = "FolderCompareWinForms", "FolderCompareWinForms.csproj", "{A3756B22-C49C-4AF5-B909-49903A715D69}"
EndProject
Global
	GlobalSection(SolutionConfigurationPlatforms) = preSolution
		Debug|x64 = Debug|x64
		Release|x64 = Release|x64
	EndGlobalSection
	GlobalSection(ProjectConfigurationPlatforms) = postSolution
		{A3756B22-C49C-4AF5-B909-49903A715D69}.Debug|x64.ActiveCfg = Debug|x64
		{A3756B22-C49C-4AF5-B909-49903A715D69}.Debug|x64.Build.0 = Debug|x64
		{A3756B22-C49C-4AF5-B909-49903A715D69}.Release|x64.ActiveCfg = Release|x64
		{A3756B22-C49C-4AF5-B909-49903A715D69}.Release|x64.Build.0 = Release|x64
	EndGlobalSection
	GlobalSection(SolutionProperties) = preSolution
		HideSolutionNode = FALSE
	EndGlobalSection
	GlobalSection(ExtensibilityGlobals) = postSolution
		SolutionGuid = {6B4AB736-E886-434F-87B9-A0230B386F12}
	EndGlobalSection
EndGlobal
